
Microsoft Visual Studio Solution File, Format Version 12.00
# Visual Studio Version 17
VisualStudioVersion = 17.13.35913.81 d17.13
MinimumVisualStudioVersion = 10.0.40219.1
Project("{FAE04EC0-301F-11D3-BF4B-00C04F79EFBC}") = "Projeto-4P", "Projeto-4P\Projeto-4P.csproj", "{E21446F1-C390-4CC6-AAB9-A3C3691BA6F3}"
EndProject
Global
	GlobalSection(SolutionConfigurationPlatforms) = preSolution
		Debug|Any CPU = Debug|Any CPU
		Release|Any CPU = Release|Any CPU
	EndGlobalSection
	GlobalSection(ProjectConfigurationPlatforms) = postSolution
		{E21446F1-C390-4CC6-AAB9-A3C3691BA6F3}.Debug|Any CPU.ActiveCfg = Debug|Any CPU
		{E21446F1-C390-4CC6-AAB9-A3C3691BA6F3}.Debug|Any CPU.Build.0 = Debug|Any CPU
		{E21446F1-C390-4CC6-AAB9-A3C3691BA6F3}.Release|Any CPU.ActiveCfg = Release|Any CPU
		{E21446F1-C390-4CC6-AAB9-A3C3691BA6F3}.Release|Any CPU.Build.0 = Release|Any CPU
	EndGlobalSection
	GlobalSection(SolutionProperties) = preSolution
		HideSolutionNode = FALSE
	EndGlobalSection
	GlobalSection(ExtensibilityGlobals) = postSolution
		SolutionGuid = {936A37DF-A731-4D35-A43E-63E2C3D0B05F}
	EndGlobalSection
EndGlobal
