Microsoft Visual Studio Solution File, Format Version 12.00
# Visual Studio Version 17
VisualStudioVersion = 17.5.2.0
MinimumVisualStudioVersion = 10.0.40219.1
Project("{FAE04EC0-301F-11D3-BF4B-00C04F79EFBC}") = "Projeto4pBlazor", "Projeto4pBlazor\Projeto4pBlazor.csproj", "{DC24A8C4-D0BD-BC46-0091-4860E036CEF3}"
EndProject
Project("{FAE04EC0-301F-11D3-BF4B-00C04F79EFBC}") = "Projeto4pServer", "Projeto4pServer\Projeto4pServer.csproj", "{82B28B8D-AD9A-14F4-A9E8-7EE7BA4D6E48}"
EndProject
Project("{FAE04EC0-301F-11D3-BF4B-00C04F79EFBC}") = "Projeto4pSharedLibrary", "Projeto4pSharedLibrary\Projeto4pSharedLibrary.csproj", "{FF0E950B-D110-EAA1-CF00-6FD1DEB46DFB}"
EndProject
Global
	GlobalSection(SolutionConfigurationPlatforms) = preSolution
		Debug|Any CPU = Debug|Any CPU
		Release|Any CPU = Release|Any CPU
	EndGlobalSection
	GlobalSection(ProjectConfigurationPlatforms) = postSolution
		{DC24A8C4-D0BD-BC46-0091-4860E036CEF3}.Debug|Any CPU.ActiveCfg = Debug|Any CPU
		{DC24A8C4-D0BD-BC46-0091-4860E036CEF3}.Debug|Any CPU.Build.0 = Debug|Any CPU
		{DC24A8C4-D0BD-BC46-0091-4860E036CEF3}.Release|Any CPU.ActiveCfg = Release|Any CPU
		{DC24A8C4-D0BD-BC46-0091-4860E036CEF3}.Release|Any CPU.Build.0 = Release|Any CPU
		{82B28B8D-AD9A-14F4-A9E8-7EE7BA4D6E48}.Debug|Any CPU.ActiveCfg = Debug|Any CPU
		{82B28B8D-AD9A-14F4-A9E8-7EE7BA4D6E48}.Debug|Any CPU.Build.0 = Debug|Any CPU
		{82B28B8D-AD9A-14F4-A9E8-7EE7BA4D6E48}.Release|Any CPU.ActiveCfg = Release|Any CPU
		{82B28B8D-AD9A-14F4-A9E8-7EE7BA4D6E48}.Release|Any CPU.Build.0 = Release|Any CPU
		{FF0E950B-D110-EAA1-CF00-6FD1DEB46DFB}.Debug|Any CPU.ActiveCfg = Debug|Any CPU
		{FF0E950B-D110-EAA1-CF00-6FD1DEB46DFB}.Debug|Any CPU.Build.0 = Debug|Any CPU
		{FF0E950B-D110-EAA1-CF00-6FD1DEB46DFB}.Release|Any CPU.ActiveCfg = Release|Any CPU
		{FF0E950B-D110-EAA1-CF00-6FD1DEB46DFB}.Release|Any CPU.Build.0 = Release|Any CPU
	EndGlobalSection
	GlobalSection(SolutionProperties) = preSolution
		HideSolutionNode = FALSE
	EndGlobalSection
	GlobalSection(ExtensibilityGlobals) = postSolution
		SolutionGuid = {10A7E142-9495-43CF-8E5C-BD2FDE2F454A}
	EndGlobalSection
EndGlobal
